
Microsoft Visual Studio Solution File, Format Version 12.00
# Visual Studio Version 17
VisualStudioVersion = 17.0.31903.59
MinimumVisualStudioVersion = 10.0.40219.1
Project("{2150E333-8FDC-42A3-9474-1A3956D46DE8}") = "day-1", "day-1", "{0CD97CCD-2FFA-4F47-BB40-95010ED516C6}"
EndProject
Project("{FAE04EC0-301F-11D3-BF4B-00C04F79EFBC}") = "day-1-1", "day-1\part-1\day-1-1.csproj", "{BB79AA26-EA64-47A9-BA2B-C3D07EBF70E7}"
EndProject
Project("{FAE04EC0-301F-11D3-BF4B-00C04F79EFBC}") = "day-1-2", "day-1\part-2\day-1-2.csproj", "{1BF08193-65EE-4659-BACB-467571E2FF16}"
EndProject
Project("{2150E333-8FDC-42A3-9474-1A3956D46DE8}") = "day-5", "day-5", "{29A77FF5-2AE3-4327-B5DA-083E1470619B}"
EndProject
Project("{FAE04EC0-301F-11D3-BF4B-00C04F79EFBC}") = "day-5-1", "day-5\part-1\day-5-1.csproj", "{F4CAB222-E7FA-492A-B665-1DAD90777830}"
EndProject
Project("{FAE04EC0-301F-11D3-BF4B-00C04F79EFBC}") = "day-5-2", "day-5\part-2\day-5-2.csproj", "{54CDFBAC-A503-4599-9BC7-711AC4D8D718}"
EndProject
Project("{2150E333-8FDC-42A3-9474-1A3956D46DE8}") = "day-7", "day-7", "{3566BB49-40D1-43D7-BC98-CCE05F09B765}"
EndProject
Project("{FAE04EC0-301F-11D3-BF4B-00C04F79EFBC}") = "day-7-1", "day-7\part-1\day-7-1.csproj", "{6529A887-4C7F-4FC4-AC4D-3872ADA9BC4F}"
EndProject
Project("{FAE04EC0-301F-11D3-BF4B-00C04F79EFBC}") = "day-7-2", "day-7\part-2\day-7-2.csproj", "{F00F0CEB-1B57-435E-A2A4-0DE9015F14FB}"
EndProject
Project("{2150E333-8FDC-42A3-9474-1A3956D46DE8}") = "day-6", "day-6", "{9D3B79FA-74C1-4021-BA01-C99E39B76529}"
EndProject
Project("{FAE04EC0-301F-11D3-BF4B-00C04F79EFBC}") = "day-6-1", "day-6\part-1\day-6-1.csproj", "{D4F2D748-32D5-436F-9704-EC59AF30A214}"
EndProject
Project("{FAE04EC0-301F-11D3-BF4B-00C04F79EFBC}") = "day-6-2", "day-6\part-2\day-6-2.csproj", "{EC5EB925-F74B-4E99-B185-CEDB77B0C190}"
EndProject
Project("{2150E333-8FDC-42A3-9474-1A3956D46DE8}") = "day-10", "day-10", "{1B456E0B-790E-4D0C-A937-FD759ACDFEA3}"
EndProject
Project("{FAE04EC0-301F-11D3-BF4B-00C04F79EFBC}") = "day-10-1", "day-10\part-1\day-10-1.csproj", "{728CE756-5704-479C-824B-DD6680FDC3EA}"
EndProject
Project("{FAE04EC0-301F-11D3-BF4B-00C04F79EFBC}") = "day-10-2", "day-10\part-2\day-10-2.csproj", "{638378C5-48CF-42A7-A683-79AB4998A0F4}"
EndProject
Project("{2150E333-8FDC-42A3-9474-1A3956D46DE8}") = "day-3", "day-3", "{12D207BA-994F-4DCD-AD9B-AC42262264B4}"
EndProject
Project("{FAE04EC0-301F-11D3-BF4B-00C04F79EFBC}") = "day-3-1", "day-3\part-1\day-3-1.csproj", "{21EA935F-F6BE-4BCF-A1E9-286A169DF1F4}"
EndProject
Project("{FAE04EC0-301F-11D3-BF4B-00C04F79EFBC}") = "day-3-2", "day-3\part-2\day-3-2.csproj", "{9279EB60-3D22-4045-B5C8-86144F9D981B}"
EndProject
Project("{2150E333-8FDC-42A3-9474-1A3956D46DE8}") = "day-2", "day-2", "{75876B22-DE6A-4629-B266-CB54AE842403}"
EndProject
Project("{FAE04EC0-301F-11D3-BF4B-00C04F79EFBC}") = "day-2-1", "day-2\part-1\day-2-1.csproj", "{2C37F977-392D-4B26-B3A9-5B516C20DA8D}"
EndProject
Project("{FAE04EC0-301F-11D3-BF4B-00C04F79EFBC}") = "day-2-2", "day-2\part-2\day-2-2.csproj", "{A2D680F1-3D8C-4A7F-BFBF-3E39CD1C77D2}"
EndProject
Project("{2150E333-8FDC-42A3-9474-1A3956D46DE8}") = "day-12", "day-12", "{E1D1F059-8032-4D15-B1EE-B83221FC57E2}"
EndProject
Project("{FAE04EC0-301F-11D3-BF4B-00C04F79EFBC}") = "day-12-1", "day-12\part-1\day-12-1.csproj", "{93748600-97FE-432B-8C3F-0E94F25BE70B}"
EndProject
Project("{FAE04EC0-301F-11D3-BF4B-00C04F79EFBC}") = "day-12-2", "day-12\part-2\day-12-2.csproj", "{2EAF01D6-9132-4983-A3B7-3F0146DD0BF3}"
EndProject
Project("{2150E333-8FDC-42A3-9474-1A3956D46DE8}") = "day-8", "day-8", "{20F43EF5-08C1-4D8A-930D-55BD117B90DA}"
EndProject
Project("{FAE04EC0-301F-11D3-BF4B-00C04F79EFBC}") = "day-8-1", "day-8\part-1\day-8-1.csproj", "{1337017B-C38A-4003-B809-280DAF775AC0}"
EndProject
Project("{FAE04EC0-301F-11D3-BF4B-00C04F79EFBC}") = "day-8-2", "day-8\part-2\day-8-2.csproj", "{93CAA44F-1733-4100-B07E-104BBE8799C2}"
EndProject
Project("{2150E333-8FDC-42A3-9474-1A3956D46DE8}") = "day-9", "day-9", "{BCB94BFE-4A02-45B5-B01E-28FD0AA9A583}"
EndProject
Project("{FAE04EC0-301F-11D3-BF4B-00C04F79EFBC}") = "day-9-1", "day-9\part-1\day-9-1.csproj", "{CF533100-0C17-4458-B8F7-5FD5E6E160C0}"
EndProject
Project("{FAE04EC0-301F-11D3-BF4B-00C04F79EFBC}") = "day-9-2", "day-9\part-2\day-9-2.csproj", "{0A26D74D-1A31-4C8E-80BC-5EE22054E032}"
EndProject
Project("{2150E333-8FDC-42A3-9474-1A3956D46DE8}") = "day-11", "day-11", "{3A955CE4-6F3B-4D23-AE7D-E4522D82B133}"
EndProject
Project("{FAE04EC0-301F-11D3-BF4B-00C04F79EFBC}") = "day-11-1", "day-11\part-1\day-11-1.csproj", "{514D34F8-C668-4FA9-BA81-719C752976EC}"
EndProject
Project("{FAE04EC0-301F-11D3-BF4B-00C04F79EFBC}") = "day-11-2", "day-11\part-2\day-11-2.csproj", "{F372A310-0EDB-4F96-BF3F-568927496A24}"
EndProject
Project("{2150E333-8FDC-42A3-9474-1A3956D46DE8}") = "day-4", "day-4", "{64B925C8-5AB6-489D-90EB-E971A266E306}"
EndProject
Project("{FAE04EC0-301F-11D3-BF4B-00C04F79EFBC}") = "day-4-1", "day-4\part-1\day-4-1.csproj", "{CB31581A-8618-4D30-B06A-B5AB2FD4C7CB}"
EndProject
Project("{FAE04EC0-301F-11D3-BF4B-00C04F79EFBC}") = "day-4-2", "day-4\part-2\day-4-2.csproj", "{C164E60E-B0DD-45AD-B234-D535817993B8}"
EndProject
Global
	GlobalSection(SolutionConfigurationPlatforms) = preSolution
		Debug|Any CPU = Debug|Any CPU
		Release|Any CPU = Release|Any CPU
	EndGlobalSection
	GlobalSection(SolutionProperties) = preSolution
		HideSolutionNode = FALSE
	EndGlobalSection
	GlobalSection(ProjectConfigurationPlatforms) = postSolution
		{BB79AA26-EA64-47A9-BA2B-C3D07EBF70E7}.Debug|Any CPU.ActiveCfg = Debug|Any CPU
		{BB79AA26-EA64-47A9-BA2B-C3D07EBF70E7}.Debug|Any CPU.Build.0 = Debug|Any CPU
		{BB79AA26-EA64-47A9-BA2B-C3D07EBF70E7}.Release|Any CPU.ActiveCfg = Release|Any CPU
		{BB79AA26-EA64-47A9-BA2B-C3D07EBF70E7}.Release|Any CPU.Build.0 = Release|Any CPU
		{1BF08193-65EE-4659-BACB-467571E2FF16}.Debug|Any CPU.ActiveCfg = Debug|Any CPU
		{1BF08193-65EE-4659-BACB-467571E2FF16}.Debug|Any CPU.Build.0 = Debug|Any CPU
		{1BF08193-65EE-4659-BACB-467571E2FF16}.Release|Any CPU.ActiveCfg = Release|Any CPU
		{1BF08193-65EE-4659-BACB-467571E2FF16}.Release|Any CPU.Build.0 = Release|Any CPU
		{F4CAB222-E7FA-492A-B665-1DAD90777830}.Debug|Any CPU.ActiveCfg = Debug|Any CPU
		{F4CAB222-E7FA-492A-B665-1DAD90777830}.Debug|Any CPU.Build.0 = Debug|Any CPU
		{F4CAB222-E7FA-492A-B665-1DAD90777830}.Release|Any CPU.ActiveCfg = Release|Any CPU
		{F4CAB222-E7FA-492A-B665-1DAD90777830}.Release|Any CPU.Build.0 = Release|Any CPU
		{54CDFBAC-A503-4599-9BC7-711AC4D8D718}.Debug|Any CPU.ActiveCfg = Debug|Any CPU
		{54CDFBAC-A503-4599-9BC7-711AC4D8D718}.Debug|Any CPU.Build.0 = Debug|Any CPU
		{54CDFBAC-A503-4599-9BC7-711AC4D8D718}.Release|Any CPU.ActiveCfg = Release|Any CPU
		{54CDFBAC-A503-4599-9BC7-711AC4D8D718}.Release|Any CPU.Build.0 = Release|Any CPU
		{6529A887-4C7F-4FC4-AC4D-3872ADA9BC4F}.Debug|Any CPU.ActiveCfg = Debug|Any CPU
		{6529A887-4C7F-4FC4-AC4D-3872ADA9BC4F}.Debug|Any CPU.Build.0 = Debug|Any CPU
		{6529A887-4C7F-4FC4-AC4D-3872ADA9BC4F}.Release|Any CPU.ActiveCfg = Release|Any CPU
		{6529A887-4C7F-4FC4-AC4D-3872ADA9BC4F}.Release|Any CPU.Build.0 = Release|Any CPU
		{F00F0CEB-1B57-435E-A2A4-0DE9015F14FB}.Debug|Any CPU.ActiveCfg = Debug|Any CPU
		{F00F0CEB-1B57-435E-A2A4-0DE9015F14FB}.Debug|Any CPU.Build.0 = Debug|Any CPU
		{F00F0CEB-1B57-435E-A2A4-0DE9015F14FB}.Release|Any CPU.ActiveCfg = Release|Any CPU
		{F00F0CEB-1B57-435E-A2A4-0DE9015F14FB}.Release|Any CPU.Build.0 = Release|Any CPU
		{D4F2D748-32D5-436F-9704-EC59AF30A214}.Debug|Any CPU.ActiveCfg = Debug|Any CPU
		{D4F2D748-32D5-436F-9704-EC59AF30A214}.Debug|Any CPU.Build.0 = Debug|Any CPU
		{D4F2D748-32D5-436F-9704-EC59AF30A214}.Release|Any CPU.ActiveCfg = Release|Any CPU
		{D4F2D748-32D5-436F-9704-EC59AF30A214}.Release|Any CPU.Build.0 = Release|Any CPU
		{EC5EB925-F74B-4E99-B185-CEDB77B0C190}.Debug|Any CPU.ActiveCfg = Debug|Any CPU
		{EC5EB925-F74B-4E99-B185-CEDB77B0C190}.Debug|Any CPU.Build.0 = Debug|Any CPU
		{EC5EB925-F74B-4E99-B185-CEDB77B0C190}.Release|Any CPU.ActiveCfg = Release|Any CPU
		{EC5EB925-F74B-4E99-B185-CEDB77B0C190}.Release|Any CPU.Build.0 = Release|Any CPU
		{728CE756-5704-479C-824B-DD6680FDC3EA}.Debug|Any CPU.ActiveCfg = Debug|Any CPU
		{728CE756-5704-479C-824B-DD6680FDC3EA}.Debug|Any CPU.Build.0 = Debug|Any CPU
		{728CE756-5704-479C-824B-DD6680FDC3EA}.Release|Any CPU.ActiveCfg = Release|Any CPU
		{728CE756-5704-479C-824B-DD6680FDC3EA}.Release|Any CPU.Build.0 = Release|Any CPU
		{638378C5-48CF-42A7-A683-79AB4998A0F4}.Debug|Any CPU.ActiveCfg = Debug|Any CPU
		{638378C5-48CF-42A7-A683-79AB4998A0F4}.Debug|Any CPU.Build.0 = Debug|Any CPU
		{638378C5-48CF-42A7-A683-79AB4998A0F4}.Release|Any CPU.ActiveCfg = Release|Any CPU
		{638378C5-48CF-42A7-A683-79AB4998A0F4}.Release|Any CPU.Build.0 = Release|Any CPU
		{21EA935F-F6BE-4BCF-A1E9-286A169DF1F4}.Debug|Any CPU.ActiveCfg = Debug|Any CPU
		{21EA935F-F6BE-4BCF-A1E9-286A169DF1F4}.Debug|Any CPU.Build.0 = Debug|Any CPU
		{21EA935F-F6BE-4BCF-A1E9-286A169DF1F4}.Release|Any CPU.ActiveCfg = Release|Any CPU
		{21EA935F-F6BE-4BCF-A1E9-286A169DF1F4}.Release|Any CPU.Build.0 = Release|Any CPU
		{9279EB60-3D22-4045-B5C8-86144F9D981B}.Debug|Any CPU.ActiveCfg = Debug|Any CPU
		{9279EB60-3D22-4045-B5C8-86144F9D981B}.Debug|Any CPU.Build.0 = Debug|Any CPU
		{9279EB60-3D22-4045-B5C8-86144F9D981B}.Release|Any CPU.ActiveCfg = Release|Any CPU
		{9279EB60-3D22-4045-B5C8-86144F9D981B}.Release|Any CPU.Build.0 = Release|Any CPU
		{2C37F977-392D-4B26-B3A9-5B516C20DA8D}.Debug|Any CPU.ActiveCfg = Debug|Any CPU
		{2C37F977-392D-4B26-B3A9-5B516C20DA8D}.Debug|Any CPU.Build.0 = Debug|Any CPU
		{2C37F977-392D-4B26-B3A9-5B516C20DA8D}.Release|Any CPU.ActiveCfg = Release|Any CPU
		{2C37F977-392D-4B26-B3A9-5B516C20DA8D}.Release|Any CPU.Build.0 = Release|Any CPU
		{A2D680F1-3D8C-4A7F-BFBF-3E39CD1C77D2}.Debug|Any CPU.ActiveCfg = Debug|Any CPU
		{A2D680F1-3D8C-4A7F-BFBF-3E39CD1C77D2}.Debug|Any CPU.Build.0 = Debug|Any CPU
		{A2D680F1-3D8C-4A7F-BFBF-3E39CD1C77D2}.Release|Any CPU.ActiveCfg = Release|Any CPU
		{A2D680F1-3D8C-4A7F-BFBF-3E39CD1C77D2}.Release|Any CPU.Build.0 = Release|Any CPU
		{93748600-97FE-432B-8C3F-0E94F25BE70B}.Debug|Any CPU.ActiveCfg = Debug|Any CPU
		{93748600-97FE-432B-8C3F-0E94F25BE70B}.Debug|Any CPU.Build.0 = Debug|Any CPU
		{93748600-97FE-432B-8C3F-0E94F25BE70B}.Release|Any CPU.ActiveCfg = Release|Any CPU
		{93748600-97FE-432B-8C3F-0E94F25BE70B}.Release|Any CPU.Build.0 = Release|Any CPU
		{2EAF01D6-9132-4983-A3B7-3F0146DD0BF3}.Debug|Any CPU.ActiveCfg = Debug|Any CPU
		{2EAF01D6-9132-4983-A3B7-3F0146DD0BF3}.Debug|Any CPU.Build.0 = Debug|Any CPU
		{2EAF01D6-9132-4983-A3B7-3F0146DD0BF3}.Release|Any CPU.ActiveCfg = Release|Any CPU
		{2EAF01D6-9132-4983-A3B7-3F0146DD0BF3}.Release|Any CPU.Build.0 = Release|Any CPU
		{1337017B-C38A-4003-B809-280DAF775AC0}.Debug|Any CPU.ActiveCfg = Debug|Any CPU
		{1337017B-C38A-4003-B809-280DAF775AC0}.Debug|Any CPU.Build.0 = Debug|Any CPU
		{1337017B-C38A-4003-B809-280DAF775AC0}.Release|Any CPU.ActiveCfg = Release|Any CPU
		{1337017B-C38A-4003-B809-280DAF775AC0}.Release|Any CPU.Build.0 = Release|Any CPU
		{93CAA44F-1733-4100-B07E-104BBE8799C2}.Debug|Any CPU.ActiveCfg = Debug|Any CPU
		{93CAA44F-1733-4100-B07E-104BBE8799C2}.Debug|Any CPU.Build.0 = Debug|Any CPU
		{93CAA44F-1733-4100-B07E-104BBE8799C2}.Release|Any CPU.ActiveCfg = Release|Any CPU
		{93CAA44F-1733-4100-B07E-104BBE8799C2}.Release|Any CPU.Build.0 = Release|Any CPU
		{CF533100-0C17-4458-B8F7-5FD5E6E160C0}.Debug|Any CPU.ActiveCfg = Debug|Any CPU
		{CF533100-0C17-4458-B8F7-5FD5E6E160C0}.Debug|Any CPU.Build.0 = Debug|Any CPU
		{CF533100-0C17-4458-B8F7-5FD5E6E160C0}.Release|Any CPU.ActiveCfg = Release|Any CPU
		{CF533100-0C17-4458-B8F7-5FD5E6E160C0}.Release|Any CPU.Build.0 = Release|Any CPU
		{0A26D74D-1A31-4C8E-80BC-5EE22054E032}.Debug|Any CPU.ActiveCfg = Debug|Any CPU
		{0A26D74D-1A31-4C8E-80BC-5EE22054E032}.Debug|Any CPU.Build.0 = Debug|Any CPU
		{0A26D74D-1A31-4C8E-80BC-5EE22054E032}.Release|Any CPU.ActiveCfg = Release|Any CPU
		{0A26D74D-1A31-4C8E-80BC-5EE22054E032}.Release|Any CPU.Build.0 = Release|Any CPU
		{514D34F8-C668-4FA9-BA81-719C752976EC}.Debug|Any CPU.ActiveCfg = Debug|Any CPU
		{514D34F8-C668-4FA9-BA81-719C752976EC}.Debug|Any CPU.Build.0 = Debug|Any CPU
		{514D34F8-C668-4FA9-BA81-719C752976EC}.Release|Any CPU.ActiveCfg = Release|Any CPU
		{514D34F8-C668-4FA9-BA81-719C752976EC}.Release|Any CPU.Build.0 = Release|Any CPU
		{F372A310-0EDB-4F96-BF3F-568927496A24}.Debug|Any CPU.ActiveCfg = Debug|Any CPU
		{F372A310-0EDB-4F96-BF3F-568927496A24}.Debug|Any CPU.Build.0 = Debug|Any CPU
		{F372A310-0EDB-4F96-BF3F-568927496A24}.Release|Any CPU.ActiveCfg = Release|Any CPU
		{F372A310-0EDB-4F96-BF3F-568927496A24}.Release|Any CPU.Build.0 = Release|Any CPU
		{CB31581A-8618-4D30-B06A-B5AB2FD4C7CB}.Debug|Any CPU.ActiveCfg = Debug|Any CPU
		{CB31581A-8618-4D30-B06A-B5AB2FD4C7CB}.Debug|Any CPU.Build.0 = Debug|Any CPU
		{CB31581A-8618-4D30-B06A-B5AB2FD4C7CB}.Release|Any CPU.ActiveCfg = Release|Any CPU
		{CB31581A-8618-4D30-B06A-B5AB2FD4C7CB}.Release|Any CPU.Build.0 = Release|Any CPU
		{C164E60E-B0DD-45AD-B234-D535817993B8}.Debug|Any CPU.ActiveCfg = Debug|Any CPU
		{C164E60E-B0DD-45AD-B234-D535817993B8}.Debug|Any CPU.Build.0 = Debug|Any CPU
		{C164E60E-B0DD-45AD-B234-D535817993B8}.Release|Any CPU.ActiveCfg = Release|Any CPU
		{C164E60E-B0DD-45AD-B234-D535817993B8}.Release|Any CPU.Build.0 = Release|Any CPU
	EndGlobalSection
	GlobalSection(NestedProjects) = preSolution
		{BB79AA26-EA64-47A9-BA2B-C3D07EBF70E7} = {0CD97CCD-2FFA-4F47-BB40-95010ED516C6}
		{1BF08193-65EE-4659-BACB-467571E2FF16} = {0CD97CCD-2FFA-4F47-BB40-95010ED516C6}
		{F4CAB222-E7FA-492A-B665-1DAD90777830} = {29A77FF5-2AE3-4327-B5DA-083E1470619B}
		{54CDFBAC-A503-4599-9BC7-711AC4D8D718} = {29A77FF5-2AE3-4327-B5DA-083E1470619B}
		{6529A887-4C7F-4FC4-AC4D-3872ADA9BC4F} = {3566BB49-40D1-43D7-BC98-CCE05F09B765}
		{F00F0CEB-1B57-435E-A2A4-0DE9015F14FB} = {3566BB49-40D1-43D7-BC98-CCE05F09B765}
		{D4F2D748-32D5-436F-9704-EC59AF30A214} = {9D3B79FA-74C1-4021-BA01-C99E39B76529}
		{EC5EB925-F74B-4E99-B185-CEDB77B0C190} = {9D3B79FA-74C1-4021-BA01-C99E39B76529}
		{728CE756-5704-479C-824B-DD6680FDC3EA} = {1B456E0B-790E-4D0C-A937-FD759ACDFEA3}
		{638378C5-48CF-42A7-A683-79AB4998A0F4} = {1B456E0B-790E-4D0C-A937-FD759ACDFEA3}
		{21EA935F-F6BE-4BCF-A1E9-286A169DF1F4} = {12D207BA-994F-4DCD-AD9B-AC42262264B4}
		{9279EB60-3D22-4045-B5C8-86144F9D981B} = {12D207BA-994F-4DCD-AD9B-AC42262264B4}
		{2C37F977-392D-4B26-B3A9-5B516C20DA8D} = {75876B22-DE6A-4629-B266-CB54AE842403}
		{A2D680F1-3D8C-4A7F-BFBF-3E39CD1C77D2} = {75876B22-DE6A-4629-B266-CB54AE842403}
		{93748600-97FE-432B-8C3F-0E94F25BE70B} = {E1D1F059-8032-4D15-B1EE-B83221FC57E2}
		{2EAF01D6-9132-4983-A3B7-3F0146DD0BF3} = {E1D1F059-8032-4D15-B1EE-B83221FC57E2}
		{1337017B-C38A-4003-B809-280DAF775AC0} = {20F43EF5-08C1-4D8A-930D-55BD117B90DA}
		{93CAA44F-1733-4100-B07E-104BBE8799C2} = {20F43EF5-08C1-4D8A-930D-55BD117B90DA}
		{CF533100-0C17-4458-B8F7-5FD5E6E160C0} = {BCB94BFE-4A02-45B5-B01E-28FD0AA9A583}
		{0A26D74D-1A31-4C8E-80BC-5EE22054E032} = {BCB94BFE-4A02-45B5-B01E-28FD0AA9A583}
		{514D34F8-C668-4FA9-BA81-719C752976EC} = {3A955CE4-6F3B-4D23-AE7D-E4522D82B133}
		{F372A310-0EDB-4F96-BF3F-568927496A24} = {3A955CE4-6F3B-4D23-AE7D-E4522D82B133}
		{CB31581A-8618-4D30-B06A-B5AB2FD4C7CB} = {64B925C8-5AB6-489D-90EB-E971A266E306}
		{C164E60E-B0DD-45AD-B234-D535817993B8} = {64B925C8-5AB6-489D-90EB-E971A266E306}
	EndGlobalSection
EndGlobal
